
Microsoft Visual Studio Solution File, Format Version 12.00
# Visual Studio 2012
Project("{FAE04EC0-301F-11D3-BF4B-00C04F79EFBC}") = "COVID 19 Self Assessment System", "COVID 19 Self Assessment System\COVID 19 Self Assessment System.csproj", "{FD6038D8-3F8F-4700-9F18-3F2514A50694}"
EndProject
Global
	GlobalSection(SolutionConfigurationPlatforms) = preSolution
		Debug|Any CPU = Debug|Any CPU
		Release|Any CPU = Release|Any CPU
	EndGlobalSection
	GlobalSection(ProjectConfigurationPlatforms) = postSolution
		{FD6038D8-3F8F-4700-9F18-3F2514A50694}.Debug|Any CPU.ActiveCfg = Debug|Any CPU
		{FD6038D8-3F8F-4700-9F18-3F2514A50694}.Debug|Any CPU.Build.0 = Debug|Any CPU
		{FD6038D8-3F8F-4700-9F18-3F2514A50694}.Release|Any CPU.ActiveCfg = Release|Any CPU
		{FD6038D8-3F8F-4700-9F18-3F2514A50694}.Release|Any CPU.Build.0 = Release|Any CPU
	EndGlobalSection
	GlobalSection(SolutionProperties) = preSolution
		HideSolutionNode = FALSE
	EndGlobalSection
EndGlobal
